
Microsoft Visual Studio Solution File, Format Version 12.00
# Visual Studio 2013
VisualStudioVersion = 12.0.40629.0
MinimumVisualStudioVersion = 10.0.40219.1
Project("{8BC9CEB8-8B4A-11D0-8D11-00A0C91BC942}") = "jk_engine", "..\jk_engine\project\jk_engine.vcxproj", "{8838F22F-F851-4B28-8E6D-50AB304A773D}"
EndProject
Project("{8BC9CEB8-8B4A-11D0-8D11-00A0C91BC942}") = "W01_Colour", "..\lab\W01_Colour\W01_Colour.vcxproj", "{14AA1D69-4ABD-42B7-9FA9-1933C95BFD70}"
EndProject
Project("{8BC9CEB8-8B4A-11D0-8D11-00A0C91BC942}") = "W02_Texture", "..\lab\W02_Texture\W02_Texture.vcxproj", "{74A10029-D76B-4844-A625-2E4334266603}"
EndProject
Project("{8BC9CEB8-8B4A-11D0-8D11-00A0C91BC942}") = "W03_Light", "..\lab\W03_Light\W03_Light.vcxproj", "{003BEF22-3970-466D-869C-A12415AFA82B}"
EndProject
Project("{8BC9CEB8-8B4A-11D0-8D11-00A0C91BC942}") = "DirectXTK_Desktop_2013", "..\jk_engine\external\DirectXTK\DirectXTK_Desktop_2013.vcxproj", "{E0B52AE7-E160-4D32-BF3F-910B785E5A8E}"
EndProject
Project("{8BC9CEB8-8B4A-11D0-8D11-00A0C91BC942}") = "W03_Specular", "..\lab\W03_Specular\W03_Specular.vcxproj", "{BF221D03-1EBB-4E39-B9C5-659A8FD87FE8}"
EndProject
Project("{8BC9CEB8-8B4A-11D0-8D11-00A0C91BC942}") = "W04_PointLights", "..\lab\W04_PointLights\W04_PointLights.vcxproj", "{3A83C4F3-7AE6-46B8-8E4D-08ADEDE3E71E}"
EndProject
Project("{8BC9CEB8-8B4A-11D0-8D11-00A0C91BC942}") = "W05_VertManip", "..\lab\W05_VertManip\W05_VertManip.vcxproj", "{5ABF9250-3C5A-46D3-B09C-20D8F8CF7C3B}"
EndProject
Project("{8BC9CEB8-8B4A-11D0-8D11-00A0C91BC942}") = "W04m_MultiLights", "..\lab\W04m_MultiLights\W04m_MultiLights.vcxproj", "{A9E84DF5-048C-4E13-B7C3-50592987DC1A}"
EndProject
Project("{8BC9CEB8-8B4A-11D0-8D11-00A0C91BC942}") = "W06_Rend2Tex", "..\lab\W06_Rend2Tex\W06_Rend2Tex.vcxproj", "{2BD291E4-46FF-4218-B35A-9A1B895D4512}"
EndProject
Project("{8BC9CEB8-8B4A-11D0-8D11-00A0C91BC942}") = "W08_PostProc", "..\lab\W08_PostProc\W08_PostProc.vcxproj", "{5BD4B6FB-3E15-48C8-B613-0AD4BF468C56}"
EndProject
Project("{8BC9CEB8-8B4A-11D0-8D11-00A0C91BC942}") = "W06_Rend2TexSpec", "..\lab\W06_Rend2TexSpec\W06_Rend2TexSpec.vcxproj", "{1F611C0F-E6C7-4316-8493-6DC2958CD26A}"
EndProject
Project("{8BC9CEB8-8B4A-11D0-8D11-00A0C91BC942}") = "W09_Tessellation", "..\lab\W09_Tessellation\W09_Tessellation.vcxproj", "{BA82723E-A9BB-4501-9FBE-B49F7C5AC7F8}"
EndProject
Project("{8BC9CEB8-8B4A-11D0-8D11-00A0C91BC942}") = "W10_Shadows", "..\lab\W10_Shadows\W10_Shadows.vcxproj", "{1D4AAEA2-ECFA-4DC6-8701-35A81CCFDD16}"
EndProject
Project("{8BC9CEB8-8B4A-11D0-8D11-00A0C91BC942}") = "W11_Geometry", "..\lab\W11_Geometry\W11_Geometry.vcxproj", "{43563CAC-5F07-4127-AF16-33B448F3AA19}"
EndProject
Project("{8BC9CEB8-8B4A-11D0-8D11-00A0C91BC942}") = "W08g_GaussBlur", "..\lab\W08g_GaussBlur\W08g_GaussBlur.vcxproj", "{680C47FB-FEAE-41E1-8D7E-A4F9FCACC09F}"
EndProject
Project("{8BC9CEB8-8B4A-11D0-8D11-00A0C91BC942}") = "W14_Coursework", "..\lab\W14_Coursework\W14_Coursework.vcxproj", "{9334A2A6-5444-4BE0-AE39-13AFA74421E8}"
EndProject
Project("{8BC9CEB8-8B4A-11D0-8D11-00A0C91BC942}") = "DXUT", "..\jk_engine\external\DXUT\Core\DXUT_DirectXTK_2013.vcxproj", "{85344B7F-5AA0-4E12-A065-D1333D11F6CA}"
EndProject
Project("{8BC9CEB8-8B4A-11D0-8D11-00A0C91BC942}") = "DXUTOpt", "..\jk_engine\external\DXUT\Optional\DXUTOpt_DirectXTK_2013.vcxproj", "{61B333C2-C4F7-4CC1-A9BF-83F6D95588EB}"
EndProject
Global
	GlobalSection(SolutionConfigurationPlatforms) = preSolution
		Debug|Win32 = Debug|Win32
		Debug|x64 = Debug|x64
		Profile|Win32 = Profile|Win32
		Profile|x64 = Profile|x64
		Release|Win32 = Release|Win32
		Release|x64 = Release|x64
	EndGlobalSection
	GlobalSection(ProjectConfigurationPlatforms) = postSolution
		{8838F22F-F851-4B28-8E6D-50AB304A773D}.Debug|Win32.ActiveCfg = Debug|Win32
		{8838F22F-F851-4B28-8E6D-50AB304A773D}.Debug|Win32.Build.0 = Debug|Win32
		{8838F22F-F851-4B28-8E6D-50AB304A773D}.Debug|x64.ActiveCfg = Debug|Win32
		{8838F22F-F851-4B28-8E6D-50AB304A773D}.Profile|Win32.ActiveCfg = Release|Win32
		{8838F22F-F851-4B28-8E6D-50AB304A773D}.Profile|Win32.Build.0 = Release|Win32
		{8838F22F-F851-4B28-8E6D-50AB304A773D}.Profile|x64.ActiveCfg = Release|Win32
		{8838F22F-F851-4B28-8E6D-50AB304A773D}.Release|Win32.ActiveCfg = Release|Win32
		{8838F22F-F851-4B28-8E6D-50AB304A773D}.Release|Win32.Build.0 = Release|Win32
		{8838F22F-F851-4B28-8E6D-50AB304A773D}.Release|x64.ActiveCfg = Release|Win32
		{14AA1D69-4ABD-42B7-9FA9-1933C95BFD70}.Debug|Win32.ActiveCfg = Debug|Win32
		{14AA1D69-4ABD-42B7-9FA9-1933C95BFD70}.Debug|Win32.Build.0 = Debug|Win32
		{14AA1D69-4ABD-42B7-9FA9-1933C95BFD70}.Debug|x64.ActiveCfg = Debug|Win32
		{14AA1D69-4ABD-42B7-9FA9-1933C95BFD70}.Profile|Win32.ActiveCfg = Release|Win32
		{14AA1D69-4ABD-42B7-9FA9-1933C95BFD70}.Profile|Win32.Build.0 = Release|Win32
		{14AA1D69-4ABD-42B7-9FA9-1933C95BFD70}.Profile|x64.ActiveCfg = Release|Win32
		{14AA1D69-4ABD-42B7-9FA9-1933C95BFD70}.Release|Win32.ActiveCfg = Release|Win32
		{14AA1D69-4ABD-42B7-9FA9-1933C95BFD70}.Release|Win32.Build.0 = Release|Win32
		{14AA1D69-4ABD-42B7-9FA9-1933C95BFD70}.Release|x64.ActiveCfg = Release|Win32
		{74A10029-D76B-4844-A625-2E4334266603}.Debug|Win32.ActiveCfg = Debug|Win32
		{74A10029-D76B-4844-A625-2E4334266603}.Debug|Win32.Build.0 = Debug|Win32
		{74A10029-D76B-4844-A625-2E4334266603}.Debug|x64.ActiveCfg = Debug|Win32
		{74A10029-D76B-4844-A625-2E4334266603}.Profile|Win32.ActiveCfg = Release|Win32
		{74A10029-D76B-4844-A625-2E4334266603}.Profile|Win32.Build.0 = Release|Win32
		{74A10029-D76B-4844-A625-2E4334266603}.Profile|x64.ActiveCfg = Release|Win32
		{74A10029-D76B-4844-A625-2E4334266603}.Release|Win32.ActiveCfg = Release|Win32
		{74A10029-D76B-4844-A625-2E4334266603}.Release|Win32.Build.0 = Release|Win32
		{74A10029-D76B-4844-A625-2E4334266603}.Release|x64.ActiveCfg = Release|Win32
		{003BEF22-3970-466D-869C-A12415AFA82B}.Debug|Win32.ActiveCfg = Debug|Win32
		{003BEF22-3970-466D-869C-A12415AFA82B}.Debug|Win32.Build.0 = Debug|Win32
		{003BEF22-3970-466D-869C-A12415AFA82B}.Debug|x64.ActiveCfg = Debug|Win32
		{003BEF22-3970-466D-869C-A12415AFA82B}.Profile|Win32.ActiveCfg = Release|Win32
		{003BEF22-3970-466D-869C-A12415AFA82B}.Profile|Win32.Build.0 = Release|Win32
		{003BEF22-3970-466D-869C-A12415AFA82B}.Profile|x64.ActiveCfg = Release|Win32
		{003BEF22-3970-466D-869C-A12415AFA82B}.Release|Win32.ActiveCfg = Release|Win32
		{003BEF22-3970-466D-869C-A12415AFA82B}.Release|Win32.Build.0 = Release|Win32
		{003BEF22-3970-466D-869C-A12415AFA82B}.Release|x64.ActiveCfg = Release|Win32
		{E0B52AE7-E160-4D32-BF3F-910B785E5A8E}.Debug|Win32.ActiveCfg = Debug|Win32
		{E0B52AE7-E160-4D32-BF3F-910B785E5A8E}.Debug|Win32.Build.0 = Debug|Win32
		{E0B52AE7-E160-4D32-BF3F-910B785E5A8E}.Debug|x64.ActiveCfg = Debug|x64
		{E0B52AE7-E160-4D32-BF3F-910B785E5A8E}.Debug|x64.Build.0 = Debug|x64
		{E0B52AE7-E160-4D32-BF3F-910B785E5A8E}.Profile|Win32.ActiveCfg = Release|Win32
		{E0B52AE7-E160-4D32-BF3F-910B785E5A8E}.Profile|Win32.Build.0 = Release|Win32
		{E0B52AE7-E160-4D32-BF3F-910B785E5A8E}.Profile|x64.ActiveCfg = Release|x64
		{E0B52AE7-E160-4D32-BF3F-910B785E5A8E}.Profile|x64.Build.0 = Release|x64
		{E0B52AE7-E160-4D32-BF3F-910B785E5A8E}.Release|Win32.ActiveCfg = Release|Win32
		{E0B52AE7-E160-4D32-BF3F-910B785E5A8E}.Release|Win32.Build.0 = Release|Win32
		{E0B52AE7-E160-4D32-BF3F-910B785E5A8E}.Release|x64.ActiveCfg = Release|x64
		{E0B52AE7-E160-4D32-BF3F-910B785E5A8E}.Release|x64.Build.0 = Release|x64
		{BF221D03-1EBB-4E39-B9C5-659A8FD87FE8}.Debug|Win32.ActiveCfg = Debug|Win32
		{BF221D03-1EBB-4E39-B9C5-659A8FD87FE8}.Debug|Win32.Build.0 = Debug|Win32
		{BF221D03-1EBB-4E39-B9C5-659A8FD87FE8}.Debug|x64.ActiveCfg = Debug|Win32
		{BF221D03-1EBB-4E39-B9C5-659A8FD87FE8}.Profile|Win32.ActiveCfg = Release|Win32
		{BF221D03-1EBB-4E39-B9C5-659A8FD87FE8}.Profile|Win32.Build.0 = Release|Win32
		{BF221D03-1EBB-4E39-B9C5-659A8FD87FE8}.Profile|x64.ActiveCfg = Release|Win32
		{BF221D03-1EBB-4E39-B9C5-659A8FD87FE8}.Release|Win32.ActiveCfg = Release|Win32
		{BF221D03-1EBB-4E39-B9C5-659A8FD87FE8}.Release|Win32.Build.0 = Release|Win32
		{BF221D03-1EBB-4E39-B9C5-659A8FD87FE8}.Release|x64.ActiveCfg = Release|Win32
		{3A83C4F3-7AE6-46B8-8E4D-08ADEDE3E71E}.Debug|Win32.ActiveCfg = Debug|Win32
		{3A83C4F3-7AE6-46B8-8E4D-08ADEDE3E71E}.Debug|Win32.Build.0 = Debug|Win32
		{3A83C4F3-7AE6-46B8-8E4D-08ADEDE3E71E}.Debug|x64.ActiveCfg = Debug|Win32
		{3A83C4F3-7AE6-46B8-8E4D-08ADEDE3E71E}.Profile|Win32.ActiveCfg = Release|Win32
		{3A83C4F3-7AE6-46B8-8E4D-08ADEDE3E71E}.Profile|Win32.Build.0 = Release|Win32
		{3A83C4F3-7AE6-46B8-8E4D-08ADEDE3E71E}.Profile|x64.ActiveCfg = Release|Win32
		{3A83C4F3-7AE6-46B8-8E4D-08ADEDE3E71E}.Release|Win32.ActiveCfg = Release|Win32
		{3A83C4F3-7AE6-46B8-8E4D-08ADEDE3E71E}.Release|Win32.Build.0 = Release|Win32
		{3A83C4F3-7AE6-46B8-8E4D-08ADEDE3E71E}.Release|x64.ActiveCfg = Release|Win32
		{5ABF9250-3C5A-46D3-B09C-20D8F8CF7C3B}.Debug|Win32.ActiveCfg = Debug|Win32
		{5ABF9250-3C5A-46D3-B09C-20D8F8CF7C3B}.Debug|Win32.Build.0 = Debug|Win32
		{5ABF9250-3C5A-46D3-B09C-20D8F8CF7C3B}.Debug|x64.ActiveCfg = Debug|Win32
		{5ABF9250-3C5A-46D3-B09C-20D8F8CF7C3B}.Profile|Win32.ActiveCfg = Release|Win32
		{5ABF9250-3C5A-46D3-B09C-20D8F8CF7C3B}.Profile|Win32.Build.0 = Release|Win32
		{5ABF9250-3C5A-46D3-B09C-20D8F8CF7C3B}.Profile|x64.ActiveCfg = Release|Win32
		{5ABF9250-3C5A-46D3-B09C-20D8F8CF7C3B}.Release|Win32.ActiveCfg = Release|Win32
		{5ABF9250-3C5A-46D3-B09C-20D8F8CF7C3B}.Release|Win32.Build.0 = Release|Win32
		{5ABF9250-3C5A-46D3-B09C-20D8F8CF7C3B}.Release|x64.ActiveCfg = Release|Win32
		{A9E84DF5-048C-4E13-B7C3-50592987DC1A}.Debug|Win32.ActiveCfg = Debug|Win32
		{A9E84DF5-048C-4E13-B7C3-50592987DC1A}.Debug|Win32.Build.0 = Debug|Win32
		{A9E84DF5-048C-4E13-B7C3-50592987DC1A}.Debug|x64.ActiveCfg = Debug|Win32
		{A9E84DF5-048C-4E13-B7C3-50592987DC1A}.Profile|Win32.ActiveCfg = Release|Win32
		{A9E84DF5-048C-4E13-B7C3-50592987DC1A}.Profile|Win32.Build.0 = Release|Win32
		{A9E84DF5-048C-4E13-B7C3-50592987DC1A}.Profile|x64.ActiveCfg = Release|Win32
		{A9E84DF5-048C-4E13-B7C3-50592987DC1A}.Release|Win32.ActiveCfg = Release|Win32
		{A9E84DF5-048C-4E13-B7C3-50592987DC1A}.Release|Win32.Build.0 = Release|Win32
		{A9E84DF5-048C-4E13-B7C3-50592987DC1A}.Release|x64.ActiveCfg = Release|Win32
		{2BD291E4-46FF-4218-B35A-9A1B895D4512}.Debug|Win32.ActiveCfg = Debug|Win32
		{2BD291E4-46FF-4218-B35A-9A1B895D4512}.Debug|Win32.Build.0 = Debug|Win32
		{2BD291E4-46FF-4218-B35A-9A1B895D4512}.Debug|x64.ActiveCfg = Debug|Win32
		{2BD291E4-46FF-4218-B35A-9A1B895D4512}.Profile|Win32.ActiveCfg = Release|Win32
		{2BD291E4-46FF-4218-B35A-9A1B895D4512}.Profile|Win32.Build.0 = Release|Win32
		{2BD291E4-46FF-4218-B35A-9A1B895D4512}.Profile|x64.ActiveCfg = Release|Win32
		{2BD291E4-46FF-4218-B35A-9A1B895D4512}.Release|Win32.ActiveCfg = Release|Win32
		{2BD291E4-46FF-4218-B35A-9A1B895D4512}.Release|Win32.Build.0 = Release|Win32
		{2BD291E4-46FF-4218-B35A-9A1B895D4512}.Release|x64.ActiveCfg = Release|Win32
		{5BD4B6FB-3E15-48C8-B613-0AD4BF468C56}.Debug|Win32.ActiveCfg = Debug|Win32
		{5BD4B6FB-3E15-48C8-B613-0AD4BF468C56}.Debug|Win32.Build.0 = Debug|Win32
		{5BD4B6FB-3E15-48C8-B613-0AD4BF468C56}.Debug|x64.ActiveCfg = Debug|Win32
		{5BD4B6FB-3E15-48C8-B613-0AD4BF468C56}.Profile|Win32.ActiveCfg = Release|Win32
		{5BD4B6FB-3E15-48C8-B613-0AD4BF468C56}.Profile|Win32.Build.0 = Release|Win32
		{5BD4B6FB-3E15-48C8-B613-0AD4BF468C56}.Profile|x64.ActiveCfg = Release|Win32
		{5BD4B6FB-3E15-48C8-B613-0AD4BF468C56}.Release|Win32.ActiveCfg = Release|Win32
		{5BD4B6FB-3E15-48C8-B613-0AD4BF468C56}.Release|Win32.Build.0 = Release|Win32
		{5BD4B6FB-3E15-48C8-B613-0AD4BF468C56}.Release|x64.ActiveCfg = Release|Win32
		{1F611C0F-E6C7-4316-8493-6DC2958CD26A}.Debug|Win32.ActiveCfg = Debug|Win32
		{1F611C0F-E6C7-4316-8493-6DC2958CD26A}.Debug|Win32.Build.0 = Debug|Win32
		{1F611C0F-E6C7-4316-8493-6DC2958CD26A}.Debug|x64.ActiveCfg = Debug|Win32
		{1F611C0F-E6C7-4316-8493-6DC2958CD26A}.Profile|Win32.ActiveCfg = Release|Win32
		{1F611C0F-E6C7-4316-8493-6DC2958CD26A}.Profile|Win32.Build.0 = Release|Win32
		{1F611C0F-E6C7-4316-8493-6DC2958CD26A}.Profile|x64.ActiveCfg = Release|Win32
		{1F611C0F-E6C7-4316-8493-6DC2958CD26A}.Release|Win32.ActiveCfg = Release|Win32
		{1F611C0F-E6C7-4316-8493-6DC2958CD26A}.Release|Win32.Build.0 = Release|Win32
		{1F611C0F-E6C7-4316-8493-6DC2958CD26A}.Release|x64.ActiveCfg = Release|Win32
		{BA82723E-A9BB-4501-9FBE-B49F7C5AC7F8}.Debug|Win32.ActiveCfg = Debug|Win32
		{BA82723E-A9BB-4501-9FBE-B49F7C5AC7F8}.Debug|Win32.Build.0 = Debug|Win32
		{BA82723E-A9BB-4501-9FBE-B49F7C5AC7F8}.Debug|x64.ActiveCfg = Debug|Win32
		{BA82723E-A9BB-4501-9FBE-B49F7C5AC7F8}.Profile|Win32.ActiveCfg = Release|Win32
		{BA82723E-A9BB-4501-9FBE-B49F7C5AC7F8}.Profile|Win32.Build.0 = Release|Win32
		{BA82723E-A9BB-4501-9FBE-B49F7C5AC7F8}.Profile|x64.ActiveCfg = Release|Win32
		{BA82723E-A9BB-4501-9FBE-B49F7C5AC7F8}.Release|Win32.ActiveCfg = Release|Win32
		{BA82723E-A9BB-4501-9FBE-B49F7C5AC7F8}.Release|Win32.Build.0 = Release|Win32
		{BA82723E-A9BB-4501-9FBE-B49F7C5AC7F8}.Release|x64.ActiveCfg = Release|Win32
		{1D4AAEA2-ECFA-4DC6-8701-35A81CCFDD16}.Debug|Win32.ActiveCfg = Debug|Win32
		{1D4AAEA2-ECFA-4DC6-8701-35A81CCFDD16}.Debug|Win32.Build.0 = Debug|Win32
		{1D4AAEA2-ECFA-4DC6-8701-35A81CCFDD16}.Debug|x64.ActiveCfg = Debug|Win32
		{1D4AAEA2-ECFA-4DC6-8701-35A81CCFDD16}.Profile|Win32.ActiveCfg = Release|Win32
		{1D4AAEA2-ECFA-4DC6-8701-35A81CCFDD16}.Profile|Win32.Build.0 = Release|Win32
		{1D4AAEA2-ECFA-4DC6-8701-35A81CCFDD16}.Profile|x64.ActiveCfg = Release|Win32
		{1D4AAEA2-ECFA-4DC6-8701-35A81CCFDD16}.Release|Win32.ActiveCfg = Release|Win32
		{1D4AAEA2-ECFA-4DC6-8701-35A81CCFDD16}.Release|Win32.Build.0 = Release|Win32
		{1D4AAEA2-ECFA-4DC6-8701-35A81CCFDD16}.Release|x64.ActiveCfg = Release|Win32
		{43563CAC-5F07-4127-AF16-33B448F3AA19}.Debug|Win32.ActiveCfg = Debug|Win32
		{43563CAC-5F07-4127-AF16-33B448F3AA19}.Debug|Win32.Build.0 = Debug|Win32
		{43563CAC-5F07-4127-AF16-33B448F3AA19}.Debug|x64.ActiveCfg = Debug|Win32
		{43563CAC-5F07-4127-AF16-33B448F3AA19}.Profile|Win32.ActiveCfg = Release|Win32
		{43563CAC-5F07-4127-AF16-33B448F3AA19}.Profile|Win32.Build.0 = Release|Win32
		{43563CAC-5F07-4127-AF16-33B448F3AA19}.Profile|x64.ActiveCfg = Release|Win32
		{43563CAC-5F07-4127-AF16-33B448F3AA19}.Release|Win32.ActiveCfg = Release|Win32
		{43563CAC-5F07-4127-AF16-33B448F3AA19}.Release|Win32.Build.0 = Release|Win32
		{43563CAC-5F07-4127-AF16-33B448F3AA19}.Release|x64.ActiveCfg = Release|Win32
		{680C47FB-FEAE-41E1-8D7E-A4F9FCACC09F}.Debug|Win32.ActiveCfg = Debug|Win32
		{680C47FB-FEAE-41E1-8D7E-A4F9FCACC09F}.Debug|Win32.Build.0 = Debug|Win32
		{680C47FB-FEAE-41E1-8D7E-A4F9FCACC09F}.Debug|x64.ActiveCfg = Debug|Win32
		{680C47FB-FEAE-41E1-8D7E-A4F9FCACC09F}.Profile|Win32.ActiveCfg = Release|Win32
		{680C47FB-FEAE-41E1-8D7E-A4F9FCACC09F}.Profile|Win32.Build.0 = Release|Win32
		{680C47FB-FEAE-41E1-8D7E-A4F9FCACC09F}.Profile|x64.ActiveCfg = Release|Win32
		{680C47FB-FEAE-41E1-8D7E-A4F9FCACC09F}.Release|Win32.ActiveCfg = Release|Win32
		{680C47FB-FEAE-41E1-8D7E-A4F9FCACC09F}.Release|Win32.Build.0 = Release|Win32
		{680C47FB-FEAE-41E1-8D7E-A4F9FCACC09F}.Release|x64.ActiveCfg = Release|Win32
		{9334A2A6-5444-4BE0-AE39-13AFA74421E8}.Debug|Win32.ActiveCfg = Debug|Win32
		{9334A2A6-5444-4BE0-AE39-13AFA74421E8}.Debug|Win32.Build.0 = Debug|Win32
		{9334A2A6-5444-4BE0-AE39-13AFA74421E8}.Debug|x64.ActiveCfg = Debug|Win32
		{9334A2A6-5444-4BE0-AE39-13AFA74421E8}.Profile|Win32.ActiveCfg = Release|Win32
		{9334A2A6-5444-4BE0-AE39-13AFA74421E8}.Profile|Win32.Build.0 = Release|Win32
		{9334A2A6-5444-4BE0-AE39-13AFA74421E8}.Profile|x64.ActiveCfg = Release|Win32
		{9334A2A6-5444-4BE0-AE39-13AFA74421E8}.Release|Win32.ActiveCfg = Release|Win32
		{9334A2A6-5444-4BE0-AE39-13AFA74421E8}.Release|Win32.Build.0 = Release|Win32
		{9334A2A6-5444-4BE0-AE39-13AFA74421E8}.Release|x64.ActiveCfg = Release|Win32
		{85344B7F-5AA0-4E12-A065-D1333D11F6CA}.Debug|Win32.ActiveCfg = Debug|Win32
		{85344B7F-5AA0-4E12-A065-D1333D11F6CA}.Debug|Win32.Build.0 = Debug|Win32
		{85344B7F-5AA0-4E12-A065-D1333D11F6CA}.Debug|x64.ActiveCfg = Debug|x64
		{85344B7F-5AA0-4E12-A065-D1333D11F6CA}.Debug|x64.Build.0 = Debug|x64
		{85344B7F-5AA0-4E12-A065-D1333D11F6CA}.Profile|Win32.ActiveCfg = Profile|Win32
		{85344B7F-5AA0-4E12-A065-D1333D11F6CA}.Profile|Win32.Build.0 = Profile|Win32
		{85344B7F-5AA0-4E12-A065-D1333D11F6CA}.Profile|x64.ActiveCfg = Profile|x64
		{85344B7F-5AA0-4E12-A065-D1333D11F6CA}.Profile|x64.Build.0 = Profile|x64
		{85344B7F-5AA0-4E12-A065-D1333D11F6CA}.Release|Win32.ActiveCfg = Release|Win32
		{85344B7F-5AA0-4E12-A065-D1333D11F6CA}.Release|Win32.Build.0 = Release|Win32
		{85344B7F-5AA0-4E12-A065-D1333D11F6CA}.Release|x64.ActiveCfg = Release|x64
		{85344B7F-5AA0-4E12-A065-D1333D11F6CA}.Release|x64.Build.0 = Release|x64
		{61B333C2-C4F7-4CC1-A9BF-83F6D95588EB}.Debug|Win32.ActiveCfg = Debug|Win32
		{61B333C2-C4F7-4CC1-A9BF-83F6D95588EB}.Debug|Win32.Build.0 = Debug|Win32
		{61B333C2-C4F7-4CC1-A9BF-83F6D95588EB}.Debug|x64.ActiveCfg = Debug|x64
		{61B333C2-C4F7-4CC1-A9BF-83F6D95588EB}.Debug|x64.Build.0 = Debug|x64
		{61B333C2-C4F7-4CC1-A9BF-83F6D95588EB}.Profile|Win32.ActiveCfg = Profile|Win32
		{61B333C2-C4F7-4CC1-A9BF-83F6D95588EB}.Profile|Win32.Build.0 = Profile|Win32
		{61B333C2-C4F7-4CC1-A9BF-83F6D95588EB}.Profile|x64.ActiveCfg = Profile|x64
		{61B333C2-C4F7-4CC1-A9BF-83F6D95588EB}.Profile|x64.Build.0 = Profile|x64
		{61B333C2-C4F7-4CC1-A9BF-83F6D95588EB}.Release|Win32.ActiveCfg = Release|Win32
		{61B333C2-C4F7-4CC1-A9BF-83F6D95588EB}.Release|Win32.Build.0 = Release|Win32
		{61B333C2-C4F7-4CC1-A9BF-83F6D95588EB}.Release|x64.ActiveCfg = Release|x64
		{61B333C2-C4F7-4CC1-A9BF-83F6D95588EB}.Release|x64.Build.0 = Release|x64
	EndGlobalSection
	GlobalSection(SolutionProperties) = preSolution
		HideSolutionNode = FALSE
	EndGlobalSection
EndGlobal
